# THIS IS AN AUTOGENERATED FILE. DO NOT EDIT THIS FILE DIRECTLY.
# yarn lockfile v1


bulma@^0.9.0:
  version "0.9.0"
  resolved "https://registry.yarnpkg.com/bulma/-/bulma-0.9.0.tgz#948c5445a49e9d7546f0826cb3820d17178a814f"
  integrity sha512-rV75CJkubNUroAt0qCRkjznZLoaXq/ctfMXsMvKSL84UetbSyx5REl96e8GoQ04G4Tkw0XF3STECffTOQrbzOQ==

fork-awesome@^1.1.7:
  version "1.1.7"
  resolved "https://registry.yarnpkg.com/fork-awesome/-/fork-awesome-1.1.7.tgz#1427da1cac3d1713046ee88427e5fcecb9501d21"
  integrity sha512-IHI7XCSXrKfUIWslse8c/PaaVDT1oBaYge+ju40ihL2ooiQeBpTr4wvIXhgTd2NuhntlvX+M5jYHAPTzNlmv0g==
